// !$*UTF8*$!
{
	archiveVersion = 1;
	classes = {
	};
	objectVersion = 55;
	objects = {

/* Begin PBXBuildFile section */
		853291D6278370CE00DE4B93 /* Camera.swift in Sources */ = {isa = PBXBuildFile; fileRef = 853291D5278370CE00DE4B93 /* Camera.swift */; };
		853291D8278376D300DE4B93 /* Mobile.swift in Sources */ = {isa = PBXBuildFile; fileRef = 853291D7278376D300DE4B93 /* Mobile.swift */; };
		857EFDF62780B679009800F2 /* Positionable.swift in Sources */ = {isa = PBXBuildFile; fileRef = 857EFDF52780B679009800F2 /* Positionable.swift */; };
		858B9D1B278274730023850F /* Transform.swift in Sources */ = {isa = PBXBuildFile; fileRef = 858B9D1A278274730023850F /* Transform.swift */; };
		859CEA27277DE361001D07B7 /* AppDelegate.swift in Sources */ = {isa = PBXBuildFile; fileRef = 859CEA26277DE361001D07B7 /* AppDelegate.swift */; };
		859CEA29277DE361001D07B7 /* GameViewController.swift in Sources */ = {isa = PBXBuildFile; fileRef = 859CEA28277DE361001D07B7 /* GameViewController.swift */; };
		859CEA2B277DE361001D07B7 /* Renderer.swift in Sources */ = {isa = PBXBuildFile; fileRef = 859CEA2A277DE361001D07B7 /* Renderer.swift */; };
		859CEA2D277DE361001D07B7 /* Shaders.metal in Sources */ = {isa = PBXBuildFile; fileRef = 859CEA2C277DE361001D07B7 /* Shaders.metal */; };
		859CEA30277DE362001D07B7 /* Assets.xcassets in Resources */ = {isa = PBXBuildFile; fileRef = 859CEA2F277DE362001D07B7 /* Assets.xcassets */; };
		859CEA33277DE362001D07B7 /* Main.storyboard in Resources */ = {isa = PBXBuildFile; fileRef = 859CEA31277DE362001D07B7 /* Main.storyboard */; };
		859CEA40277DE942001D07B7 /* SLA in Frameworks */ = {isa = PBXBuildFile; productRef = 859CEA3F277DE942001D07B7 /* SLA */; };
		859CEA43277DE970001D07B7 /* SimpleLogs in Frameworks */ = {isa = PBXBuildFile; productRef = 859CEA42277DE970001D07B7 /* SimpleLogs */; };
		859CEA45277E45A9001D07B7 /* TestShader.metal in Sources */ = {isa = PBXBuildFile; fileRef = 859CEA44277E45A9001D07B7 /* TestShader.metal */; };
		859CEA47277E46E5001D07B7 /* UBO.swift in Sources */ = {isa = PBXBuildFile; fileRef = 859CEA46277E46E5001D07B7 /* UBO.swift */; };
		859CEA49277E4763001D07B7 /* Model.swift in Sources */ = {isa = PBXBuildFile; fileRef = 859CEA48277E4763001D07B7 /* Model.swift */; };
		859CEA4E277E4D4F001D07B7 /* bunny.obj in Resources */ = {isa = PBXBuildFile; fileRef = 859CEA4D277E4B63001D07B7 /* bunny.obj */; };
/* End PBXBuildFile section */

/* Begin PBXFileReference section */
		853291D5278370CE00DE4B93 /* Camera.swift */ = {isa = PBXFileReference; lastKnownFileType = sourcecode.swift; path = Camera.swift; sourceTree = "<group>"; };
		853291D7278376D300DE4B93 /* Mobile.swift */ = {isa = PBXFileReference; lastKnownFileType = sourcecode.swift; path = Mobile.swift; sourceTree = "<group>"; };
		857EFDF52780B679009800F2 /* Positionable.swift */ = {isa = PBXFileReference; lastKnownFileType = sourcecode.swift; path = Positionable.swift; sourceTree = "<group>"; };
		858B9D1A278274730023850F /* Transform.swift */ = {isa = PBXFileReference; lastKnownFileType = sourcecode.swift; path = Transform.swift; sourceTree = "<group>"; };
		859CEA23277DE361001D07B7 /* Talos3D.app */ = {isa = PBXFileReference; explicitFileType = wrapper.application; includeInIndex = 0; path = Talos3D.app; sourceTree = BUILT_PRODUCTS_DIR; };
		859CEA26277DE361001D07B7 /* AppDelegate.swift */ = {isa = PBXFileReference; lastKnownFileType = sourcecode.swift; path = AppDelegate.swift; sourceTree = "<group>"; };
		859CEA28277DE361001D07B7 /* GameViewController.swift */ = {isa = PBXFileReference; lastKnownFileType = sourcecode.swift; path = GameViewController.swift; sourceTree = "<group>"; };
		859CEA2A277DE361001D07B7 /* Renderer.swift */ = {isa = PBXFileReference; lastKnownFileType = sourcecode.swift; path = Renderer.swift; sourceTree = "<group>"; };
		859CEA2C277DE361001D07B7 /* Shaders.metal */ = {isa = PBXFileReference; lastKnownFileType = sourcecode.metal; path = Shaders.metal; sourceTree = "<group>"; };
		859CEA2E277DE361001D07B7 /* ShaderTypes.h */ = {isa = PBXFileReference; lastKnownFileType = sourcecode.c.h; path = ShaderTypes.h; sourceTree = "<group>"; };
		859CEA2F277DE362001D07B7 /* Assets.xcassets */ = {isa = PBXFileReference; lastKnownFileType = folder.assetcatalog; path = Assets.xcassets; sourceTree = "<group>"; };
		859CEA32277DE362001D07B7 /* Base */ = {isa = PBXFileReference; lastKnownFileType = file.storyboard; name = Base; path = Base.lproj/Main.storyboard; sourceTree = "<group>"; };
		859CEA34277DE362001D07B7 /* Talos3D.entitlements */ = {isa = PBXFileReference; lastKnownFileType = text.plist.entitlements; path = Talos3D.entitlements; sourceTree = "<group>"; };
		859CEA44277E45A9001D07B7 /* TestShader.metal */ = {isa = PBXFileReference; fileEncoding = 4; lastKnownFileType = sourcecode.metal; path = TestShader.metal; sourceTree = "<group>"; };
		859CEA46277E46E5001D07B7 /* UBO.swift */ = {isa = PBXFileReference; lastKnownFileType = sourcecode.swift; path = UBO.swift; sourceTree = "<group>"; };
		859CEA48277E4763001D07B7 /* Model.swift */ = {isa = PBXFileReference; lastKnownFileType = sourcecode.swift; path = Model.swift; sourceTree = "<group>"; };
		859CEA4D277E4B63001D07B7 /* bunny.obj */ = {isa = PBXFileReference; lastKnownFileType = text; path = bunny.obj; sourceTree = "<group>"; };
/* End PBXFileReference section */

/* Begin PBXFrameworksBuildPhase section */
		859CEA20277DE361001D07B7 /* Frameworks */ = {
			isa = PBXFrameworksBuildPhase;
			buildActionMask = 2147483647;
			files = (
				859CEA40277DE942001D07B7 /* SLA in Frameworks */,
				859CEA43277DE970001D07B7 /* SimpleLogs in Frameworks */,
			);
			runOnlyForDeploymentPostprocessing = 0;
		};
/* End PBXFrameworksBuildPhase section */

/* Begin PBXGroup section */
		859CEA1A277DE361001D07B7 = {
			isa = PBXGroup;
			children = (
				859CEA25277DE361001D07B7 /* Talos3D */,
				859CEA24277DE361001D07B7 /* Products */,
			);
			sourceTree = "<group>";
		};
		859CEA24277DE361001D07B7 /* Products */ = {
			isa = PBXGroup;
			children = (
				859CEA23277DE361001D07B7 /* Talos3D.app */,
			);
			name = Products;
			sourceTree = "<group>";
		};
		859CEA25277DE361001D07B7 /* Talos3D */ = {
			isa = PBXGroup;
			children = (
				859CEA4C277E4B5F001D07B7 /* Models */,
				859CEA3A277DE36E001D07B7 /* Shaders */,
				859CEA26277DE361001D07B7 /* AppDelegate.swift */,
				859CEA28277DE361001D07B7 /* GameViewController.swift */,
				859CEA2A277DE361001D07B7 /* Renderer.swift */,
				853291D5278370CE00DE4B93 /* Camera.swift */,
				857EFDF52780B679009800F2 /* Positionable.swift */,
				853291D7278376D300DE4B93 /* Mobile.swift */,
				858B9D1A278274730023850F /* Transform.swift */,
				859CEA48277E4763001D07B7 /* Model.swift */,
				859CEA46277E46E5001D07B7 /* UBO.swift */,
				859CEA2F277DE362001D07B7 /* Assets.xcassets */,
				859CEA31277DE362001D07B7 /* Main.storyboard */,
				859CEA34277DE362001D07B7 /* Talos3D.entitlements */,
			);
			path = Talos3D;
			sourceTree = "<group>";
		};
		859CEA3A277DE36E001D07B7 /* Shaders */ = {
			isa = PBXGroup;
			children = (
				859CEA44277E45A9001D07B7 /* TestShader.metal */,
				859CEA2E277DE361001D07B7 /* ShaderTypes.h */,
				859CEA2C277DE361001D07B7 /* Shaders.metal */,
			);
			path = Shaders;
			sourceTree = "<group>";
		};
		859CEA4C277E4B5F001D07B7 /* Models */ = {
			isa = PBXGroup;
			children = (
				859CEA4D277E4B63001D07B7 /* bunny.obj */,
			);
			path = Models;
			sourceTree = "<group>";
		};
/* End PBXGroup section */

/* Begin PBXNativeTarget section */
		859CEA22277DE361001D07B7 /* Talos3D */ = {
			isa = PBXNativeTarget;
			buildConfigurationList = 859CEA37277DE362001D07B7 /* Build configuration list for PBXNativeTarget "Talos3D" */;
			buildPhases = (
				859CEA1F277DE361001D07B7 /* Sources */,
				859CEA20277DE361001D07B7 /* Frameworks */,
				859CEA21277DE361001D07B7 /* Resources */,
			);
			buildRules = (
			);
			dependencies = (
			);
			name = Talos3D;
			packageProductDependencies = (
				859CEA3F277DE942001D07B7 /* SLA */,
				859CEA42277DE970001D07B7 /* SimpleLogs */,
			);
			productName = Talos3D;
			productReference = 859CEA23277DE361001D07B7 /* Talos3D.app */;
			productType = "com.apple.product-type.application";
		};
/* End PBXNativeTarget section */

/* Begin PBXProject section */
		859CEA1B277DE361001D07B7 /* Project object */ = {
			isa = PBXProject;
			attributes = {
				BuildIndependentTargetsInParallel = 1;
				LastSwiftUpdateCheck = 1320;
				LastUpgradeCheck = 1320;
				TargetAttributes = {
					859CEA22277DE361001D07B7 = {
						CreatedOnToolsVersion = 13.2.1;
					};
				};
			};
			buildConfigurationList = 859CEA1E277DE361001D07B7 /* Build configuration list for PBXProject "Talos3D" */;
			compatibilityVersion = "Xcode 13.0";
			developmentRegion = en;
			hasScannedForEncodings = 0;
			knownRegions = (
				en,
				Base,
			);
			mainGroup = 859CEA1A277DE361001D07B7;
			packageReferences = (
				859CEA3E277DE942001D07B7 /* XCRemoteSwiftPackageReference "SLA" */,
				859CEA41277DE970001D07B7 /* XCRemoteSwiftPackageReference "SimpleLogsSwift" */,
			);
			productRefGroup = 859CEA24277DE361001D07B7 /* Products */;
			projectDirPath = "";
			projectRoot = "";
			targets = (
				859CEA22277DE361001D07B7 /* Talos3D */,
			);
		};
/* End PBXProject section */

/* Begin PBXResourcesBuildPhase section */
		859CEA21277DE361001D07B7 /* Resources */ = {
			isa = PBXResourcesBuildPhase;
			buildActionMask = 2147483647;
			files = (
				859CEA30277DE362001D07B7 /* Assets.xcassets in Resources */,
				859CEA33277DE362001D07B7 /* Main.storyboard in Resources */,
				859CEA4E277E4D4F001D07B7 /* bunny.obj in Resources */,
			);
			runOnlyForDeploymentPostprocessing = 0;
		};
/* End PBXResourcesBuildPhase section */

/* Begin PBXSourcesBuildPhase section */
		859CEA1F277DE361001D07B7 /* Sources */ = {
			isa = PBXSourcesBuildPhase;
			buildActionMask = 2147483647;
			files = (
				859CEA49277E4763001D07B7 /* Model.swift in Sources */,
				859CEA45277E45A9001D07B7 /* TestShader.metal in Sources */,
				859CEA2D277DE361001D07B7 /* Shaders.metal in Sources */,
				859CEA47277E46E5001D07B7 /* UBO.swift in Sources */,
				859CEA29277DE361001D07B7 /* GameViewController.swift in Sources */,
				859CEA2B277DE361001D07B7 /* Renderer.swift in Sources */,
				853291D8278376D300DE4B93 /* Mobile.swift in Sources */,
				853291D6278370CE00DE4B93 /* Camera.swift in Sources */,
				857EFDF62780B679009800F2 /* Positionable.swift in Sources */,
				858B9D1B278274730023850F /* Transform.swift in Sources */,
				859CEA27277DE361001D07B7 /* AppDelegate.swift in Sources */,
			);
			runOnlyForDeploymentPostprocessing = 0;
		};
/* End PBXSourcesBuildPhase section */

/* Begin PBXVariantGroup section */
		859CEA31277DE362001D07B7 /* Main.storyboard */ = {
			isa = PBXVariantGroup;
			children = (
				859CEA32277DE362001D07B7 /* Base */,
			);
			name = Main.storyboard;
			sourceTree = "<group>";
		};
/* End PBXVariantGroup section */

/* Begin XCBuildConfiguration section */
		859CEA35277DE362001D07B7 /* Debug */ = {
			isa = XCBuildConfiguration;
			buildSettings = {
				ALWAYS_SEARCH_USER_PATHS = NO;
				CLANG_ANALYZER_NONNULL = YES;
				CLANG_ANALYZER_NUMBER_OBJECT_CONVERSION = YES_AGGRESSIVE;
				CLANG_CXX_LANGUAGE_STANDARD = "gnu++17";
				CLANG_CXX_LIBRARY = "libc++";
				CLANG_ENABLE_MODULES = YES;
				CLANG_ENABLE_OBJC_ARC = YES;
				CLANG_ENABLE_OBJC_WEAK = YES;
				CLANG_WARN_BLOCK_CAPTURE_AUTORELEASING = YES;
				CLANG_WARN_BOOL_CONVERSION = YES;
				CLANG_WARN_COMMA = YES;
				CLANG_WARN_CONSTANT_CONVERSION = YES;
				CLANG_WARN_DEPRECATED_OBJC_IMPLEMENTATIONS = YES;
				CLANG_WARN_DIRECT_OBJC_ISA_USAGE = YES_ERROR;
				CLANG_WARN_DOCUMENTATION_COMMENTS = YES;
				CLANG_WARN_EMPTY_BODY = YES;
				CLANG_WARN_ENUM_CONVERSION = YES;
				CLANG_WARN_INFINITE_RECURSION = YES;
				CLANG_WARN_INT_CONVERSION = YES;
				CLANG_WARN_NON_LITERAL_NULL_CONVERSION = YES;
				CLANG_WARN_OBJC_IMPLICIT_RETAIN_SELF = YES;
				CLANG_WARN_OBJC_LITERAL_CONVERSION = YES;
				CLANG_WARN_OBJC_ROOT_CLASS = YES_ERROR;
				CLANG_WARN_QUOTED_INCLUDE_IN_FRAMEWORK_HEADER = YES;
				CLANG_WARN_RANGE_LOOP_ANALYSIS = YES;
				CLANG_WARN_STRICT_PROTOTYPES = YES;
				CLANG_WARN_SUSPICIOUS_MOVE = YES;
				CLANG_WARN_UNGUARDED_AVAILABILITY = YES_AGGRESSIVE;
				CLANG_WARN_UNREACHABLE_CODE = YES;
				CLANG_WARN__DUPLICATE_METHOD_MATCH = YES;
				COPY_PHASE_STRIP = NO;
				DEBUG_INFORMATION_FORMAT = dwarf;
				ENABLE_STRICT_OBJC_MSGSEND = YES;
				ENABLE_TESTABILITY = YES;
				GCC_C_LANGUAGE_STANDARD = gnu11;
				GCC_DYNAMIC_NO_PIC = NO;
				GCC_NO_COMMON_BLOCKS = YES;
				GCC_OPTIMIZATION_LEVEL = 0;
				GCC_PREPROCESSOR_DEFINITIONS = (
					"DEBUG=1",
					"$(inherited)",
				);
				GCC_WARN_64_TO_32_BIT_CONVERSION = YES;
				GCC_WARN_ABOUT_RETURN_TYPE = YES_ERROR;
				GCC_WARN_UNDECLARED_SELECTOR = YES;
				GCC_WARN_UNINITIALIZED_AUTOS = YES_AGGRESSIVE;
				GCC_WARN_UNUSED_FUNCTION = YES;
				GCC_WARN_UNUSED_VARIABLE = YES;
				MACOSX_DEPLOYMENT_TARGET = 12.0;
				MTL_ENABLE_DEBUG_INFO = INCLUDE_SOURCE;
				MTL_FAST_MATH = YES;
				ONLY_ACTIVE_ARCH = YES;
				SDKROOT = macosx;
				SWIFT_ACTIVE_COMPILATION_CONDITIONS = DEBUG;
				SWIFT_OPTIMIZATION_LEVEL = "-Onone";
			};
			name = Debug;
		};
		859CEA36277DE362001D07B7 /* Release */ = {
			isa = XCBuildConfiguration;
			buildSettings = {
				ALWAYS_SEARCH_USER_PATHS = NO;
				CLANG_ANALYZER_NONNULL = YES;
				CLANG_ANALYZER_NUMBER_OBJECT_CONVERSION = YES_AGGRESSIVE;
				CLANG_CXX_LANGUAGE_STANDARD = "gnu++17";
				CLANG_CXX_LIBRARY = "libc++";
				CLANG_ENABLE_MODULES = YES;
				CLANG_ENABLE_OBJC_ARC = YES;
				CLANG_ENABLE_OBJC_WEAK = YES;
				CLANG_WARN_BLOCK_CAPTURE_AUTORELEASING = YES;
				CLANG_WARN_BOOL_CONVERSION = YES;
				CLANG_WARN_COMMA = YES;
				CLANG_WARN_CONSTANT_CONVERSION = YES;
				CLANG_WARN_DEPRECATED_OBJC_IMPLEMENTATIONS = YES;
				CLANG_WARN_DIRECT_OBJC_ISA_USAGE = YES_ERROR;
				CLANG_WARN_DOCUMENTATION_COMMENTS = YES;
				CLANG_WARN_EMPTY_BODY = YES;
				CLANG_WARN_ENUM_CONVERSION = YES;
				CLANG_WARN_INFINITE_RECURSION = YES;
				CLANG_WARN_INT_CONVERSION = YES;
				CLANG_WARN_NON_LITERAL_NULL_CONVERSION = YES;
				CLANG_WARN_OBJC_IMPLICIT_RETAIN_SELF = YES;
				CLANG_WARN_OBJC_LITERAL_CONVERSION = YES;
				CLANG_WARN_OBJC_ROOT_CLASS = YES_ERROR;
				CLANG_WARN_QUOTED_INCLUDE_IN_FRAMEWORK_HEADER = YES;
				CLANG_WARN_RANGE_LOOP_ANALYSIS = YES;
				CLANG_WARN_STRICT_PROTOTYPES = YES;
				CLANG_WARN_SUSPICIOUS_MOVE = YES;
				CLANG_WARN_UNGUARDED_AVAILABILITY = YES_AGGRESSIVE;
				CLANG_WARN_UNREACHABLE_CODE = YES;
				CLANG_WARN__DUPLICATE_METHOD_MATCH = YES;
				COPY_PHASE_STRIP = NO;
				DEBUG_INFORMATION_FORMAT = "dwarf-with-dsym";
				ENABLE_NS_ASSERTIONS = NO;
				ENABLE_STRICT_OBJC_MSGSEND = YES;
				GCC_C_LANGUAGE_STANDARD = gnu11;
				GCC_NO_COMMON_BLOCKS = YES;
				GCC_WARN_64_TO_32_BIT_CONVERSION = YES;
				GCC_WARN_ABOUT_RETURN_TYPE = YES_ERROR;
				GCC_WARN_UNDECLARED_SELECTOR = YES;
				GCC_WARN_UNINITIALIZED_AUTOS = YES_AGGRESSIVE;
				GCC_WARN_UNUSED_FUNCTION = YES;
				GCC_WARN_UNUSED_VARIABLE = YES;
				MACOSX_DEPLOYMENT_TARGET = 12.0;
				MTL_ENABLE_DEBUG_INFO = NO;
				MTL_FAST_MATH = YES;
				SDKROOT = macosx;
				SWIFT_COMPILATION_MODE = wholemodule;
				SWIFT_OPTIMIZATION_LEVEL = "-O";
			};
			name = Release;
		};
		859CEA38277DE362001D07B7 /* Debug */ = {
			isa = XCBuildConfiguration;
			buildSettings = {
				ASSETCATALOG_COMPILER_APPICON_NAME = AppIcon;
				ASSETCATALOG_COMPILER_GLOBAL_ACCENT_COLOR_NAME = AccentColor;
				CODE_SIGN_ENTITLEMENTS = Talos3D/Talos3D.entitlements;
				CODE_SIGN_STYLE = Automatic;
				COMBINE_HIDPI_IMAGES = YES;
				CURRENT_PROJECT_VERSION = 1;
				GENERATE_INFOPLIST_FILE = YES;
				INFOPLIST_KEY_NSHumanReadableCopyright = "";
				INFOPLIST_KEY_NSMainStoryboardFile = Main;
				INFOPLIST_KEY_NSPrincipalClass = NSApplication;
				LD_RUNPATH_SEARCH_PATHS = (
					"$(inherited)",
					"@executable_path/../Frameworks",
				);
				MARKETING_VERSION = 1.0;
				PRODUCT_BUNDLE_IDENTIFIER = JavierSalcedo.Talos3D;
				PRODUCT_NAME = "$(TARGET_NAME)";
				SWIFT_EMIT_LOC_STRINGS = YES;
				SWIFT_OBJC_BRIDGING_HEADER = "$(TARGET_NAME)/Shaders/ShaderTypes.h";
				SWIFT_VERSION = 5.0;
			};
			name = Debug;
		};
		859CEA39277DE362001D07B7 /* Release */ = {
			isa = XCBuildConfiguration;
			buildSettings = {
				ASSETCATALOG_COMPILER_APPICON_NAME = AppIcon;
				ASSETCATALOG_COMPILER_GLOBAL_ACCENT_COLOR_NAME = AccentColor;
				CODE_SIGN_ENTITLEMENTS = Talos3D/Talos3D.entitlements;
				CODE_SIGN_STYLE = Automatic;
				COMBINE_HIDPI_IMAGES = YES;
				CURRENT_PROJECT_VERSION = 1;
				GENERATE_INFOPLIST_FILE = YES;
				INFOPLIST_KEY_NSHumanReadableCopyright = "";
				INFOPLIST_KEY_NSMainStoryboardFile = Main;
				INFOPLIST_KEY_NSPrincipalClass = NSApplication;
				LD_RUNPATH_SEARCH_PATHS = (
					"$(inherited)",
					"@executable_path/../Frameworks",
				);
				MARKETING_VERSION = 1.0;
				PRODUCT_BUNDLE_IDENTIFIER = JavierSalcedo.Talos3D;
				PRODUCT_NAME = "$(TARGET_NAME)";
				SWIFT_EMIT_LOC_STRINGS = YES;
				SWIFT_OBJC_BRIDGING_HEADER = "$(TARGET_NAME)/Shaders/ShaderTypes.h";
				SWIFT_VERSION = 5.0;
			};
			name = Release;
		};
/* End XCBuildConfiguration section */

/* Begin XCConfigurationList section */
		859CEA1E277DE361001D07B7 /* Build configuration list for PBXProject "Talos3D" */ = {
			isa = XCConfigurationList;
			buildConfigurations = (
				859CEA35277DE362001D07B7 /* Debug */,
				859CEA36277DE362001D07B7 /* Release */,
			);
			defaultConfigurationIsVisible = 0;
			defaultConfigurationName = Release;
		};
		859CEA37277DE362001D07B7 /* Build configuration list for PBXNativeTarget "Talos3D" */ = {
			isa = XCConfigurationList;
			buildConfigurations = (
				859CEA38277DE362001D07B7 /* Debug */,
				859CEA39277DE362001D07B7 /* Release */,
			);
			defaultConfigurationIsVisible = 0;
			defaultConfigurationName = Release;
		};
/* End XCConfigurationList section */

/* Begin XCRemoteSwiftPackageReference section */
		859CEA3E277DE942001D07B7 /* XCRemoteSwiftPackageReference "SLA" */ = {
			isa = XCRemoteSwiftPackageReference;
			repositoryURL = "https://github.com/javiersalcedopuyo/SLA";
			requirement = {
				branch = main;
				kind = branch;
			};
		};
		859CEA41277DE970001D07B7 /* XCRemoteSwiftPackageReference "SimpleLogsSwift" */ = {
			isa = XCRemoteSwiftPackageReference;
			repositoryURL = "https://github.com/javiersalcedopuyo/SimpleLogsSwift";
			requirement = {
				branch = main;
				kind = branch;
			};
		};
/* End XCRemoteSwiftPackageReference section */

/* Begin XCSwiftPackageProductDependency section */
		859CEA3F277DE942001D07B7 /* SLA */ = {
			isa = XCSwiftPackageProductDependency;
			package = 859CEA3E277DE942001D07B7 /* XCRemoteSwiftPackageReference "SLA" */;
			productName = SLA;
		};
		859CEA42277DE970001D07B7 /* SimpleLogs */ = {
			isa = XCSwiftPackageProductDependency;
			package = 859CEA41277DE970001D07B7 /* XCRemoteSwiftPackageReference "SimpleLogsSwift" */;
			productName = SimpleLogs;
		};
/* End XCSwiftPackageProductDependency section */
	};
	rootObject = 859CEA1B277DE361001D07B7 /* Project object */;
}
