{
  "pins" : [
    {
      "identity" : "simplelogsswift",
      "kind" : "remoteSourceControl",
      "location" : "https://github.com/javiersalcedopuyo/SimpleLogsSwift",
      "state" : {
        "branch" : "main",
        "revision" : "e883ef82106cfc74f45d54d33912d3fedc1ecdfd"
      }
    },
    {
      "identity" : "sla",
      "kind" : "remoteSourceControl",
      "location" : "https://github.com/javiersalcedopuyo/SLA",
      "state" : {
        "branch" : "main",
        "revision" : "917d75f22ac379113c2e98d7c887ded52ef328a9"
      }
    }
  ],
  "version" : 2
}
