{
  "pins" : [
    {
      "identity" : "simplelogsswift",
      "kind" : "remoteSourceControl",
      "location" : "https://github.com/javiersalcedopuyo/SimpleLogsSwift",
      "state" : {
        "branch" : "main",
        "revision" : "e883ef82106cfc74f45d54d33912d3fedc1ecdfd"
      }
    },
    {
      "identity" : "sla",
      "kind" : "remoteSourceControl",
      "location" : "https://github.com/javiersalcedopuyo/SLA",
      "state" : {
        "branch" : "main",
        "revision" : "95f0e72491c54cd74c5934ff5dab734ff23e2df4"
      }
    }
  ],
  "version" : 2
}
